PODS:
  - MQTTKit (0.1.0-next)
  - ReactiveCocoa (2.3.1):
    - ReactiveCocoa/UI
  - ReactiveCocoa/Core (2.3.1):
    - ReactiveCocoa/no-arc
  - ReactiveCocoa/no-arc (2.3.1)
  - ReactiveCocoa/UI (2.3.1):
    - ReactiveCocoa/Core

DEPENDENCIES:
  - MQTTKit (from `https://github.com/mobile-web-messaging/MQTTKit.git`)
  - ReactiveCocoa

EXTERNAL SOURCES:
  MQTTKit:
    :git: https://github.com/mobile-web-messaging/MQTTKit.git

SPEC CHECKSUMS:
  MQTTKit: eca7270c24d16fe7865143d3e86f393f3275c544
  ReactiveCocoa: dca75777b9d18990c8714a3a6f2149f29b4d1462

COCOAPODS: 0.33.1
